Microsoft Visual Studio Solution File, Format Version 8.00
Project("{8BC9CEB8-8B4A-11D0-8D11-00A0C91BC942}") = "debug2", "debug2.vcproj", "{42492DDC-6554-4C2E-ACB5-73709A42061F}"
	ProjectSection(ProjectDependencies) = postProject
	EndProjectSection
EndProject
Global
	GlobalSection(SolutionConfiguration) = preSolution
		Debug = Debug
		Release = Release
	EndGlobalSection
	GlobalSection(ProjectConfiguration) = postSolution
		{42492DDC-6554-4C2E-ACB5-73709A42061F}.Debug.ActiveCfg = Debug|Win32
		{42492DDC-6554-4C2E-ACB5-73709A42061F}.Debug.Build.0 = Debug|Win32
		{42492DDC-6554-4C2E-ACB5-73709A42061F}.Release.ActiveCfg = Release|Win32
		{42492DDC-6554-4C2E-ACB5-73709A42061F}.Release.Build.0 = Release|Win32
	EndGlobalSection
	GlobalSection(ExtensibilityGlobals) = postSolution
	EndGlobalSection
	GlobalSection(ExtensibilityAddIns) = postSolution
	EndGlobalSection
EndGlobal
